# This file is autogenerated, do not edit; changes may be undone by the next 'dep ensure'.


[[projects]]
  branch = "master"
  name = "github.com/bitrise-io/go-utils"
  packages = [
    "colorstring",
    "command",
    "errorutil",
    "log",
    "pathutil",
    "ziputil"
  ]
  revision = "b33f6bcef9b50045d7e62364b354584afc3ee329"

[[projects]]
  branch = "master"
  name = "github.com/bitrise-tools/go-steputils"
  packages = [
    "input",
    "tools"
  ]
  revision = "b0e1079aa921440413a5c56f301246fe8367c072"

[[projects]]
  branch = "master"
  name = "github.com/hashicorp/go-version"
  packages = ["."]
  revision = "4fe82ae3040f80a03d04d2cccb5606a626b8e1ee"

[[projects]]
  branch = "master"
  name = "github.com/kballard/go-shellquote"
  packages = ["."]
  revision = "cd60e84ee657ff3dc51de0b4f55dd299a3e136f2"

[[projects]]
  branch = "master"
  name = "github.com/pkg/errors"
  packages = ["."]
  revision = "30136e27e2ac8d167177e8a583aa4c3fea5be833"

[solve-meta]
  analyzer-name = "dep"
  analyzer-version = 1
  inputs-digest = "b5510901712852e59cab22a867153c91306b94451a3b953d1db028b828de4322"
  solver-name = "gps-cdcl"
  solver-version = 1
